
Microsoft Visual Studio Solution File, Format Version 12.00
# Visual Studio Version 17
VisualStudioVersion = 17.8.34309.116
MinimumVisualStudioVersion = 10.0.40219.1
Project("{9A19103F-16F7-4668-BE54-9A1E7A4F7556}") = "Betfair.ExchangeComparison", "Betfair.ExchangeComparison\Betfair.ExchangeComparison.csproj", "{EC5DDA5F-0383-497A-8652-825995EFBBA5}"
EndProject
Project("{9A19103F-16F7-4668-BE54-9A1E7A4F7556}") = "Betfair.ExchangeComparison.Domain", "Betfair.ExchangeComparison.Domain\Betfair.ExchangeComparison.Domain.csproj", "{5816FED4-4BB4-4440-967A-79542E0FA99E}"
EndProject
Project("{9A19103F-16F7-4668-BE54-9A1E7A4F7556}") = "Betfair.ExchangeComparison.Exchange", "Betfair.ExchangeComparison.Exchange\Betfair.ExchangeComparison.Exchange.csproj", "{3A2067AE-1983-45F8-B740-C6F0B3CA783F}"
EndProject
Project("{9A19103F-16F7-4668-BE54-9A1E7A4F7556}") = "Betfair.ExchangeComparison.Sportsbook", "Betfair.ExchangeComparison.Sportsbook\Betfair.ExchangeComparison.Sportsbook.csproj", "{98A4ACBD-314A-4C2E-A0AB-8C5B57A9AB7F}"
EndProject
Project("{9A19103F-16F7-4668-BE54-9A1E7A4F7556}") = "Betfair.ExchangeComparison.Scraping", "Betfair.ExchangeComparison.Scraping\Betfair.ExchangeComparison.Scraping.csproj", "{5EBB98CD-BBB5-42FE-B22F-0EC95E4067B0}"
EndProject
Project("{2150E333-8FDC-42A3-9474-1A3956D46DE8}") = "Solution Items", "Solution Items", "{D9B416BD-C1DD-4BFC-AB19-299EB41B55FE}"
	ProjectSection(SolutionItems) = preProject
		.editorconfig = .editorconfig
	EndProjectSection
EndProject
Project("{9A19103F-16F7-4668-BE54-9A1E7A4F7556}") = "Betfair.ExchangeComparison.Auth", "Betfair.ExchangeComparison.Auth\Betfair.ExchangeComparison.Auth.csproj", "{4737A88D-FBFD-487F-8004-4587BE0CFF88}"
EndProject
Project("{9A19103F-16F7-4668-BE54-9A1E7A4F7556}") = "Betfair.ExchangeComparison.Matchbook", "Betfair.ExchangeComparison.Matchbook\Betfair.ExchangeComparison.Matchbook.csproj", "{642BB59D-FD53-4A4A-931C-5FC86BC2A29E}"
EndProject
Project("{FAE04EC0-301F-11D3-BF4B-00C04F79EFBC}") = "Betfair.ExchangeComparison.Tests.Unit", "Betfair.ExchangeComparison.Tests.Unit\Betfair.ExchangeComparison.Tests.Unit.csproj", "{5789F0FC-EADE-4C34-BAA7-B96F2D185528}"
EndProject
Project("{FAE04EC0-301F-11D3-BF4B-00C04F79EFBC}") = "Betfair.ExchangeComparison.Tests.Integration", "Betfair.ExchangeComparison.Tests.Integration\Betfair.ExchangeComparison.Tests.Integration.csproj", "{5998D103-842E-41F4-A19D-4657BA177A89}"
EndProject
Project("{FAE04EC0-301F-11D3-BF4B-00C04F79EFBC}") = "Betfair.ExchangeComparison.Trading", "Betfair.ExchangeComparison.Trading\Betfair.ExchangeComparison.Trading.csproj", "{307B297B-0B46-4D97-B7C8-93D0688DACA3}"
EndProject
Global
	GlobalSection(SolutionConfigurationPlatforms) = preSolution
		Debug|Any CPU = Debug|Any CPU
		Release|Any CPU = Release|Any CPU
	EndGlobalSection
	GlobalSection(ProjectConfigurationPlatforms) = postSolution
		{EC5DDA5F-0383-497A-8652-825995EFBBA5}.Debug|Any CPU.ActiveCfg = Debug|Any CPU
		{EC5DDA5F-0383-497A-8652-825995EFBBA5}.Debug|Any CPU.Build.0 = Debug|Any CPU
		{EC5DDA5F-0383-497A-8652-825995EFBBA5}.Release|Any CPU.ActiveCfg = Release|Any CPU
		{EC5DDA5F-0383-497A-8652-825995EFBBA5}.Release|Any CPU.Build.0 = Release|Any CPU
		{5816FED4-4BB4-4440-967A-79542E0FA99E}.Debug|Any CPU.ActiveCfg = Debug|Any CPU
		{5816FED4-4BB4-4440-967A-79542E0FA99E}.Debug|Any CPU.Build.0 = Debug|Any CPU
		{5816FED4-4BB4-4440-967A-79542E0FA99E}.Release|Any CPU.ActiveCfg = Release|Any CPU
		{5816FED4-4BB4-4440-967A-79542E0FA99E}.Release|Any CPU.Build.0 = Release|Any CPU
		{3A2067AE-1983-45F8-B740-C6F0B3CA783F}.Debug|Any CPU.ActiveCfg = Debug|Any CPU
		{3A2067AE-1983-45F8-B740-C6F0B3CA783F}.Debug|Any CPU.Build.0 = Debug|Any CPU
		{3A2067AE-1983-45F8-B740-C6F0B3CA783F}.Release|Any CPU.ActiveCfg = Release|Any CPU
		{3A2067AE-1983-45F8-B740-C6F0B3CA783F}.Release|Any CPU.Build.0 = Release|Any CPU
		{98A4ACBD-314A-4C2E-A0AB-8C5B57A9AB7F}.Debug|Any CPU.ActiveCfg = Debug|Any CPU
		{98A4ACBD-314A-4C2E-A0AB-8C5B57A9AB7F}.Debug|Any CPU.Build.0 = Debug|Any CPU
		{98A4ACBD-314A-4C2E-A0AB-8C5B57A9AB7F}.Release|Any CPU.ActiveCfg = Release|Any CPU
		{98A4ACBD-314A-4C2E-A0AB-8C5B57A9AB7F}.Release|Any CPU.Build.0 = Release|Any CPU
		{5EBB98CD-BBB5-42FE-B22F-0EC95E4067B0}.Debug|Any CPU.ActiveCfg = Debug|Any CPU
		{5EBB98CD-BBB5-42FE-B22F-0EC95E4067B0}.Debug|Any CPU.Build.0 = Debug|Any CPU
		{5EBB98CD-BBB5-42FE-B22F-0EC95E4067B0}.Release|Any CPU.ActiveCfg = Release|Any CPU
		{5EBB98CD-BBB5-42FE-B22F-0EC95E4067B0}.Release|Any CPU.Build.0 = Release|Any CPU
		{4737A88D-FBFD-487F-8004-4587BE0CFF88}.Debug|Any CPU.ActiveCfg = Debug|Any CPU
		{4737A88D-FBFD-487F-8004-4587BE0CFF88}.Debug|Any CPU.Build.0 = Debug|Any CPU
		{4737A88D-FBFD-487F-8004-4587BE0CFF88}.Release|Any CPU.ActiveCfg = Release|Any CPU
		{4737A88D-FBFD-487F-8004-4587BE0CFF88}.Release|Any CPU.Build.0 = Release|Any CPU
		{642BB59D-FD53-4A4A-931C-5FC86BC2A29E}.Debug|Any CPU.ActiveCfg = Debug|Any CPU
		{642BB59D-FD53-4A4A-931C-5FC86BC2A29E}.Debug|Any CPU.Build.0 = Debug|Any CPU
		{642BB59D-FD53-4A4A-931C-5FC86BC2A29E}.Release|Any CPU.ActiveCfg = Release|Any CPU
		{642BB59D-FD53-4A4A-931C-5FC86BC2A29E}.Release|Any CPU.Build.0 = Release|Any CPU
		{5789F0FC-EADE-4C34-BAA7-B96F2D185528}.Debug|Any CPU.ActiveCfg = Debug|Any CPU
		{5789F0FC-EADE-4C34-BAA7-B96F2D185528}.Debug|Any CPU.Build.0 = Debug|Any CPU
		{5789F0FC-EADE-4C34-BAA7-B96F2D185528}.Release|Any CPU.ActiveCfg = Release|Any CPU
		{5789F0FC-EADE-4C34-BAA7-B96F2D185528}.Release|Any CPU.Build.0 = Release|Any CPU
		{5998D103-842E-41F4-A19D-4657BA177A89}.Debug|Any CPU.ActiveCfg = Debug|Any CPU
		{5998D103-842E-41F4-A19D-4657BA177A89}.Debug|Any CPU.Build.0 = Debug|Any CPU
		{5998D103-842E-41F4-A19D-4657BA177A89}.Release|Any CPU.ActiveCfg = Release|Any CPU
		{5998D103-842E-41F4-A19D-4657BA177A89}.Release|Any CPU.Build.0 = Release|Any CPU
		{307B297B-0B46-4D97-B7C8-93D0688DACA3}.Debug|Any CPU.ActiveCfg = Debug|Any CPU
		{307B297B-0B46-4D97-B7C8-93D0688DACA3}.Debug|Any CPU.Build.0 = Debug|Any CPU
		{307B297B-0B46-4D97-B7C8-93D0688DACA3}.Release|Any CPU.ActiveCfg = Release|Any CPU
		{307B297B-0B46-4D97-B7C8-93D0688DACA3}.Release|Any CPU.Build.0 = Release|Any CPU
	EndGlobalSection
	GlobalSection(SolutionProperties) = preSolution
		HideSolutionNode = FALSE
	EndGlobalSection
	GlobalSection(ExtensibilityGlobals) = postSolution
		SolutionGuid = {3D322077-238E-403F-8AFD-EFABE754B82C}
	EndGlobalSection
EndGlobal
